
Microsoft Visual Studio Solution File, Format Version 12.00
# Visual Studio Version 16
VisualStudioVersion = 16.0.30517.126
MinimumVisualStudioVersion = 10.0.40219.1
Project("{FAE04EC0-301F-11D3-BF4B-00C04F79EFBC}") = "DragonsEye", "DragonsEye\DragonsEye.csproj", "{F5DB40B5-0A43-4B33-B374-924A554E7946}"
EndProject
Project("{FAE04EC0-301F-11D3-BF4B-00C04F79EFBC}") = "DragonsEyeTests", "DragonsEyeTests\DragonsEyeTests.csproj", "{F84D491F-DDDF-4169-9B5B-E5D7C2D84169}"
EndProject
Global
	GlobalSection(SolutionConfigurationPlatforms) = preSolution
		Debug|Any CPU = Debug|Any CPU
		Release|Any CPU = Release|Any CPU
	EndGlobalSection
	GlobalSection(ProjectConfigurationPlatforms) = postSolution
		{F5DB40B5-0A43-4B33-B374-924A554E7946}.Debug|Any CPU.ActiveCfg = Debug|Any CPU
		{F5DB40B5-0A43-4B33-B374-924A554E7946}.Debug|Any CPU.Build.0 = Debug|Any CPU
		{F5DB40B5-0A43-4B33-B374-924A554E7946}.Release|Any CPU.ActiveCfg = Release|Any CPU
		{F5DB40B5-0A43-4B33-B374-924A554E7946}.Release|Any CPU.Build.0 = Release|Any CPU
		{F84D491F-DDDF-4169-9B5B-E5D7C2D84169}.Debug|Any CPU.ActiveCfg = Debug|Any CPU
		{F84D491F-DDDF-4169-9B5B-E5D7C2D84169}.Debug|Any CPU.Build.0 = Debug|Any CPU
		{F84D491F-DDDF-4169-9B5B-E5D7C2D84169}.Release|Any CPU.ActiveCfg = Release|Any CPU
		{F84D491F-DDDF-4169-9B5B-E5D7C2D84169}.Release|Any CPU.Build.0 = Release|Any CPU
	EndGlobalSection
	GlobalSection(SolutionProperties) = preSolution
		HideSolutionNode = FALSE
	EndGlobalSection
	GlobalSection(ExtensibilityGlobals) = postSolution
		SolutionGuid = {F6F11256-EFF1-4580-9800-FBEFD248BBC2}
	EndGlobalSection
EndGlobal
