
Microsoft Visual Studio Solution File, Format Version 12.00
# Visual Studio Version 16
VisualStudioVersion = 16.0.30517.126
MinimumVisualStudioVersion = 10.0.40219.1
Project("{9A19103F-16F7-4668-BE54-9A1E7A4F7556}") = "DragonsEye", "DragonsEye\DragonsEye.csproj", "{F5DB40B5-0A43-4B33-B374-924A554E7946}"
EndProject
Project("{9A19103F-16F7-4668-BE54-9A1E7A4F7556}") = "DragonsEyeTests", "DragonsEyeTests\DragonsEyeTests.csproj", "{F84D491F-DDDF-4169-9B5B-E5D7C2D84169}"
EndProject
Project("{9A19103F-16F7-4668-BE54-9A1E7A4F7556}") = "DragonsEye.Logic", "DragonsEye.Logic\DragonsEye.Logic.csproj", "{0A9E550E-1FC9-43FE-9F05-8B4315C18A63}"
EndProject
Project("{FAE04EC0-301F-11D3-BF4B-00C04F79EFBC}") = "DatabaseConstruction", "DatabaseConstruction\DatabaseConstruction.csproj", "{04318CB6-FA0A-461A-B2D5-2D6E63194582}"
EndProject
Global
	GlobalSection(SolutionConfigurationPlatforms) = preSolution
		Debug|Any CPU = Debug|Any CPU
		Release|Any CPU = Release|Any CPU
	EndGlobalSection
	GlobalSection(ProjectConfigurationPlatforms) = postSolution
		{F5DB40B5-0A43-4B33-B374-924A554E7946}.Debug|Any CPU.ActiveCfg = Debug|Any CPU
		{F5DB40B5-0A43-4B33-B374-924A554E7946}.Debug|Any CPU.Build.0 = Debug|Any CPU
		{F5DB40B5-0A43-4B33-B374-924A554E7946}.Release|Any CPU.ActiveCfg = Release|Any CPU
		{F5DB40B5-0A43-4B33-B374-924A554E7946}.Release|Any CPU.Build.0 = Release|Any CPU
		{F84D491F-DDDF-4169-9B5B-E5D7C2D84169}.Debug|Any CPU.ActiveCfg = Debug|Any CPU
		{F84D491F-DDDF-4169-9B5B-E5D7C2D84169}.Debug|Any CPU.Build.0 = Debug|Any CPU
		{F84D491F-DDDF-4169-9B5B-E5D7C2D84169}.Release|Any CPU.ActiveCfg = Release|Any CPU
		{F84D491F-DDDF-4169-9B5B-E5D7C2D84169}.Release|Any CPU.Build.0 = Release|Any CPU
		{0A9E550E-1FC9-43FE-9F05-8B4315C18A63}.Debug|Any CPU.ActiveCfg = Debug|Any CPU
		{0A9E550E-1FC9-43FE-9F05-8B4315C18A63}.Debug|Any CPU.Build.0 = Debug|Any CPU
		{0A9E550E-1FC9-43FE-9F05-8B4315C18A63}.Release|Any CPU.ActiveCfg = Release|Any CPU
		{0A9E550E-1FC9-43FE-9F05-8B4315C18A63}.Release|Any CPU.Build.0 = Release|Any CPU
		{04318CB6-FA0A-461A-B2D5-2D6E63194582}.Debug|Any CPU.ActiveCfg = Debug|Any CPU
		{04318CB6-FA0A-461A-B2D5-2D6E63194582}.Debug|Any CPU.Build.0 = Debug|Any CPU
		{04318CB6-FA0A-461A-B2D5-2D6E63194582}.Release|Any CPU.ActiveCfg = Release|Any CPU
		{04318CB6-FA0A-461A-B2D5-2D6E63194582}.Release|Any CPU.Build.0 = Release|Any CPU
	EndGlobalSection
	GlobalSection(SolutionProperties) = preSolution
		HideSolutionNode = FALSE
	EndGlobalSection
	GlobalSection(ExtensibilityGlobals) = postSolution
		SolutionGuid = {F6F11256-EFF1-4580-9800-FBEFD248BBC2}
	EndGlobalSection
EndGlobal
